
Microsoft Visual Studio Solution File, Format Version 12.00
# Visual Studio Version 17
VisualStudioVersion = 17.5.33530.505
MinimumVisualStudioVersion = 10.0.40219.1
Project("{FAE04EC0-301F-11D3-BF4B-00C04F79EFBC}") = "ReverseString", "ReverseString\ReverseString.csproj", "{D7D8245A-711F-44D5-B5AF-04A118B09C36}"
EndProject
Project("{FAE04EC0-301F-11D3-BF4B-00C04F79EFBC}") = "AdditionAndSubstraction", "AdditionAndSubstraction\AdditionAndSubstraction.csproj", "{4840CB13-FBB2-465F-B45C-4804C4BBFF2A}"
EndProject
Project("{FAE04EC0-301F-11D3-BF4B-00C04F79EFBC}") = "MaleFemaleTask", "MaleFemaleTask\MaleFemaleTask.csproj", "{C1B3B594-1EE5-4FEC-A0CE-88A3B3499C92}"
EndProject
Project("{FAE04EC0-301F-11D3-BF4B-00C04F79EFBC}") = "FruitandFlowerTask", "FruitandFlowerTask\FruitandFlowerTask.csproj", "{F8AEE297-5B1B-47AC-920E-B3EED8D7D723}"
EndProject
Project("{FAE04EC0-301F-11D3-BF4B-00C04F79EFBC}") = "EmployeeCRUD", "EmployeeCRUD\EmployeeCRUD.csproj", "{D3A650B8-0E54-4C79-BD2E-C06CE25C5CB2}"
EndProject
Global
	GlobalSection(SolutionConfigurationPlatforms) = preSolution
		Debug|Any CPU = Debug|Any CPU
		Release|Any CPU = Release|Any CPU
	EndGlobalSection
	GlobalSection(ProjectConfigurationPlatforms) = postSolution
		{D7D8245A-711F-44D5-B5AF-04A118B09C36}.Debug|Any CPU.ActiveCfg = Debug|Any CPU
		{D7D8245A-711F-44D5-B5AF-04A118B09C36}.Debug|Any CPU.Build.0 = Debug|Any CPU
		{D7D8245A-711F-44D5-B5AF-04A118B09C36}.Release|Any CPU.ActiveCfg = Release|Any CPU
		{D7D8245A-711F-44D5-B5AF-04A118B09C36}.Release|Any CPU.Build.0 = Release|Any CPU
		{4840CB13-FBB2-465F-B45C-4804C4BBFF2A}.Debug|Any CPU.ActiveCfg = Debug|Any CPU
		{4840CB13-FBB2-465F-B45C-4804C4BBFF2A}.Debug|Any CPU.Build.0 = Debug|Any CPU
		{4840CB13-FBB2-465F-B45C-4804C4BBFF2A}.Release|Any CPU.ActiveCfg = Release|Any CPU
		{4840CB13-FBB2-465F-B45C-4804C4BBFF2A}.Release|Any CPU.Build.0 = Release|Any CPU
		{C1B3B594-1EE5-4FEC-A0CE-88A3B3499C92}.Debug|Any CPU.ActiveCfg = Debug|Any CPU
		{C1B3B594-1EE5-4FEC-A0CE-88A3B3499C92}.Debug|Any CPU.Build.0 = Debug|Any CPU
		{C1B3B594-1EE5-4FEC-A0CE-88A3B3499C92}.Release|Any CPU.ActiveCfg = Release|Any CPU
		{C1B3B594-1EE5-4FEC-A0CE-88A3B3499C92}.Release|Any CPU.Build.0 = Release|Any CPU
		{F8AEE297-5B1B-47AC-920E-B3EED8D7D723}.Debug|Any CPU.ActiveCfg = Debug|Any CPU
		{F8AEE297-5B1B-47AC-920E-B3EED8D7D723}.Debug|Any CPU.Build.0 = Debug|Any CPU
		{F8AEE297-5B1B-47AC-920E-B3EED8D7D723}.Release|Any CPU.ActiveCfg = Release|Any CPU
		{F8AEE297-5B1B-47AC-920E-B3EED8D7D723}.Release|Any CPU.Build.0 = Release|Any CPU
		{D3A650B8-0E54-4C79-BD2E-C06CE25C5CB2}.Debug|Any CPU.ActiveCfg = Debug|Any CPU
		{D3A650B8-0E54-4C79-BD2E-C06CE25C5CB2}.Debug|Any CPU.Build.0 = Debug|Any CPU
		{D3A650B8-0E54-4C79-BD2E-C06CE25C5CB2}.Release|Any CPU.ActiveCfg = Release|Any CPU
		{D3A650B8-0E54-4C79-BD2E-C06CE25C5CB2}.Release|Any CPU.Build.0 = Release|Any CPU
	EndGlobalSection
	GlobalSection(SolutionProperties) = preSolution
		HideSolutionNode = FALSE
	EndGlobalSection
	GlobalSection(ExtensibilityGlobals) = postSolution
		SolutionGuid = {A6FB3B04-3385-4D4E-9358-E13BB726F53F}
	EndGlobalSection
EndGlobal
